Microsoft Visual Studio Solution File, Format Version 11.00
# Visual Studio 2008

Project("{C9D663B1-5A95-CF4B-DBDF-3147E9558A70}") = "AhoiMatey", "Assembly-CSharp-firstpass.csproj", "{E62DCBDA-A495-F301-DC92-0278615E6B3C}"
EndProject
Project("{C9D663B1-5A95-CF4B-DBDF-3147E9558A70}") = "AhoiMatey", "Assembly-CSharp.csproj", "{97EC50FA-512C-7CA6-108A-A29DB4CD928F}"
EndProject
Project("{C9D663B1-5A95-CF4B-DBDF-3147E9558A70}") = "AhoiMatey", "Assembly-CSharp-Editor.csproj", "{8FA9A757-8E73-8782-6D45-0C3BB45751BB}"
EndProject
Global
	GlobalSection(SolutionConfigurationPlatforms) = preSolution
		Debug|Any CPU = Debug|Any CPU
		Release|Any CPU = Release|Any CPU
	EndGlobalSection
	GlobalSection(ProjectConfigurationPlatforms) = postSolution
		{E62DCBDA-A495-F301-DC92-0278615E6B3C}.Debug|Any CPU.ActiveCfg = Debug|Any CPU
		{E62DCBDA-A495-F301-DC92-0278615E6B3C}.Debug|Any CPU.Build.0 = Debug|Any CPU
		{E62DCBDA-A495-F301-DC92-0278615E6B3C}.Release|Any CPU.ActiveCfg = Release|Any CPU
		{E62DCBDA-A495-F301-DC92-0278615E6B3C}.Release|Any CPU.Build.0 = Release|Any CPU
		{97EC50FA-512C-7CA6-108A-A29DB4CD928F}.Debug|Any CPU.ActiveCfg = Debug|Any CPU
		{97EC50FA-512C-7CA6-108A-A29DB4CD928F}.Debug|Any CPU.Build.0 = Debug|Any CPU
		{97EC50FA-512C-7CA6-108A-A29DB4CD928F}.Release|Any CPU.ActiveCfg = Release|Any CPU
		{97EC50FA-512C-7CA6-108A-A29DB4CD928F}.Release|Any CPU.Build.0 = Release|Any CPU
		{8FA9A757-8E73-8782-6D45-0C3BB45751BB}.Debug|Any CPU.ActiveCfg = Debug|Any CPU
		{8FA9A757-8E73-8782-6D45-0C3BB45751BB}.Debug|Any CPU.Build.0 = Debug|Any CPU
		{8FA9A757-8E73-8782-6D45-0C3BB45751BB}.Release|Any CPU.ActiveCfg = Release|Any CPU
		{8FA9A757-8E73-8782-6D45-0C3BB45751BB}.Release|Any CPU.Build.0 = Release|Any CPU
	EndGlobalSection
	GlobalSection(SolutionProperties) = preSolution
		HideSolutionNode = FALSE
	EndGlobalSection
	GlobalSection(MonoDevelopProperties) = preSolution
		StartupItem = Assembly-CSharp.csproj
	EndGlobalSection
EndGlobal
